{
  "version": 4,
  "terraform_version": "1.6.6",
  "serial": 14,
  "lineage": "d39d52dc-a597-ce6a-4bb1-59813fff352d",
  "outputs": {},
  "resources": [
    {
      "mode": "managed",
      "type": "google_pubsub_schema",
      "name": "my_pubsub_schema_pro",
      "provider": "provider[\"registry.terraform.io/hashicorp/google\"]",
      "instances": [
        {
          "schema_version": 0,
          "attributes": {
            "definition": "{\r\n  \"type\": \"record\",\r\n  \"name\": \"my_message_pro\",\r\n  \"fields\": [\r\n    {\"name\": \"bookId\", \"type\": \"int\"},\r\n    {\"name\": \"bookName\", \"type\": \"string\"},\r\n    {\"name\": \"bookAuthor\", \"type\": \"string\"},\r\n    {\"name\": \"bookSerialNumber\", \"type\": \"int\"}\r\n  ]\r\n}\r\n",
            "id": "projects/test-project-1-406807/schemas/my_pubsub_schema_pro",
            "name": "my_pubsub_schema_pro",
            "project": "test-project-1-406807",
            "timeouts": null,
            "type": "AVRO"
          },
          "sensitive_attributes": [],
          "private": "eyJlMmJmYjczMC1lY2FhLTExZTYtOGY4OC0zNDM2M2JjN2M0YzAiOnsiY3JlYXRlIjoxMjAwMDAwMDAwMDAwLCJkZWxldGUiOjEyMDAwMDAwMDAwMDAsInVwZGF0ZSI6MTIwMDAwMDAwMDAwMH19"
        }
      ]
    },
    {
      "mode": "managed",
      "type": "google_pubsub_subscription",
      "name": "my_subscription_pro",
      "provider": "provider[\"registry.terraform.io/hashicorp/google\"]",
      "instances": [
        {
          "schema_version": 0,
          "attributes": {
            "ack_deadline_seconds": 60,
            "bigquery_config": [],
            "cloud_storage_config": [],
            "dead_letter_policy": [],
            "effective_labels": {},
            "enable_exactly_once_delivery": false,
            "enable_message_ordering": false,
            "expiration_policy": [
              {
                "ttl": "2678400s"
              }
            ],
            "filter": "",
            "id": "projects/test-project-1-406807/subscriptions/my_subscription_pro",
            "labels": {},
            "message_retention_duration": "604800s",
            "name": "my_subscription_pro",
            "project": "test-project-1-406807",
            "push_config": [],
            "retain_acked_messages": false,
            "retry_policy": [],
            "terraform_labels": {},
            "timeouts": null,
            "topic": "projects/test-project-1-406807/topics/my_topic_pro"
          },
          "sensitive_attributes": [],
          "private": "eyJlMmJmYjczMC1lY2FhLTExZTYtOGY4OC0zNDM2M2JjN2M0YzAiOnsiY3JlYXRlIjoxMjAwMDAwMDAwMDAwLCJkZWxldGUiOjEyMDAwMDAwMDAwMDAsInVwZGF0ZSI6MTIwMDAwMDAwMDAwMH19"
        }
      ]
    },
    {
      "mode": "managed",
      "type": "google_pubsub_topic",
      "name": "my_topic_pro",
      "provider": "provider[\"registry.terraform.io/hashicorp/google\"]",
      "instances": [
        {
          "schema_version": 0,
          "attributes": {
            "effective_labels": {},
            "id": "projects/test-project-1-406807/topics/my_topic_pro",
            "kms_key_name": "",
            "labels": {},
            "message_retention_duration": "",
            "message_storage_policy": [],
            "name": "my_topic_pro",
            "project": "test-project-1-406807",
            "schema_settings": [
              {
                "encoding": "JSON",
                "schema": "projects/test-project-1-406807/schemas/my_pubsub_schema_pro"
              }
            ],
            "terraform_labels": {},
            "timeouts": null
          },
          "sensitive_attributes": [],
          "private": "eyJlMmJmYjczMC1lY2FhLTExZTYtOGY4OC0zNDM2M2JjN2M0YzAiOnsiY3JlYXRlIjoxMjAwMDAwMDAwMDAwLCJkZWxldGUiOjEyMDAwMDAwMDAwMDAsInVwZGF0ZSI6MTIwMDAwMDAwMDAwMH19"
        }
      ]
    }
  ],
  "check_results": null
}
