{
  "version": 4,
  "terraform_version": "1.6.6",
  "serial": 11,
  "lineage": "3fd531a0-60ca-c9e8-b31f-75568421862b",
  "outputs": {},
  "resources": [
    {
      "mode": "managed",
      "type": "google_firestore_database",
      "name": "my-firestore-db-pro",
      "provider": "provider[\"registry.terraform.io/hashicorp/google\"]",
      "instances": [
        {
          "schema_version": 0,
          "attributes": {
            "app_engine_integration_mode": "DISABLED",
            "concurrency_mode": "PESSIMISTIC",
            "create_time": "",
            "delete_protection_state": "DELETE_PROTECTION_DISABLED",
            "deletion_policy": "DELETE",
            "earliest_version_time": "2023-12-26T14:11:24.629508Z",
            "etag": "INTu5pCkrYMDMITs2Y+krYMD",
            "id": "projects/test-project-1-406807/databases/(default)",
            "key_prefix": "",
            "location_id": "nam5",
            "name": "(default)",
            "point_in_time_recovery_enablement": "POINT_IN_TIME_RECOVERY_DISABLED",
            "project": "test-project-1-406807",
            "timeouts": null,
            "type": "FIRESTORE_NATIVE",
            "uid": "3603e883-32c6-42d9-9f87-a466c29f5906",
            "update_time": "",
            "version_retention_period": "3600s"
          },
          "sensitive_attributes": [],
          "private": "eyJlMmJmYjczMC1lY2FhLTExZTYtOGY4OC0zNDM2M2JjN2M0YzAiOnsiY3JlYXRlIjoxMjAwMDAwMDAwMDAwLCJkZWxldGUiOjEyMDAwMDAwMDAwMDAsInVwZGF0ZSI6MTIwMDAwMDAwMDAwMH19"
        }
      ]
    }
  ],
  "check_results": null
}
