{
  "version": 4,
  "terraform_version": "1.6.6",
  "serial": 62,
  "lineage": "cef72053-bc8e-c90b-fc29-9b65140988b5",
  "outputs": {},
  "resources": [
    {
      "mode": "managed",
      "type": "google_cloudfunctions2_function",
      "name": "my_function_pro",
      "provider": "provider[\"registry.terraform.io/hashicorp/google\"]",
      "instances": [
        {
          "schema_version": 0,
          "attributes": {
            "build_config": [
              {
                "build": "projects/960752866439/locations/us-central1/builds/5373a32a-b283-4cd2-91dd-ea5230cc8a6c",
                "docker_repository": "",
                "entry_point": "gcfv2.HelloHttpFunction",
                "environment_variables": {},
                "runtime": "java17",
                "source": [
                  {
                    "repo_source": [],
                    "storage_source": [
                      {
                        "bucket": "test-project-1-406807-my-bucket-pro",
                        "generation": -842005577,
                        "object": "my_source_code_pro"
                      }
                    ]
                  }
                ],
                "worker_pool": ""
              }
            ],
            "description": "My function pro demo",
            "effective_labels": {},
            "environment": "GEN_2",
            "event_trigger": [],
            "id": "projects/test-project-1-406807/locations/us-central1/functions/my_function_pro",
            "kms_key_name": "",
            "labels": null,
            "location": "us-central1",
            "name": "my_function_pro",
            "project": "test-project-1-406807",
            "service_config": [
              {
                "all_traffic_on_latest_revision": true,
                "available_cpu": "0.0833",
                "available_memory": "128Mi",
                "environment_variables": null,
                "gcf_uri": "",
                "ingress_settings": "ALLOW_ALL",
                "max_instance_count": 1,
                "max_instance_request_concurrency": 1,
                "min_instance_count": 0,
                "secret_environment_variables": [],
                "secret_volumes": [],
                "service": "projects/test-project-1-406807/locations/us-central1/services/my-function-pro",
                "service_account_email": "960752866439-compute@developer.gserviceaccount.com",
                "timeout_seconds": 60,
                "uri": "https://my-function-pro-m3eiazyklq-uc.a.run.app",
                "vpc_connector": "",
                "vpc_connector_egress_settings": ""
              }
            ],
            "state": "ACTIVE",
            "terraform_labels": {},
            "timeouts": null,
            "update_time": "2023-12-25T15:00:11.770283351Z",
            "url": "https://us-central1-test-project-1-406807.cloudfunctions.net/my_function_pro"
          },
          "sensitive_attributes": [],
          "private": "eyJlMmJmYjczMC1lY2FhLTExZTYtOGY4OC0zNDM2M2JjN2M0YzAiOnsiY3JlYXRlIjozNjAwMDAwMDAwMDAwLCJkZWxldGUiOjM2MDAwMDAwMDAwMDAsInVwZGF0ZSI6MzYwMDAwMDAwMDAwMH19",
          "dependencies": [
            "google_storage_bucket.my_bucket_pro",
            "google_storage_bucket_object.my_source_code_pro"
          ]
        }
      ]
    },
    {
      "mode": "managed",
      "type": "google_storage_bucket",
      "name": "my_bucket_pro",
      "provider": "provider[\"registry.terraform.io/hashicorp/google\"]",
      "instances": [
        {
          "schema_version": 1,
          "attributes": {
            "autoclass": [],
            "cors": [],
            "custom_placement_config": [],
            "default_event_based_hold": false,
            "effective_labels": {},
            "enable_object_retention": false,
            "encryption": [],
            "force_destroy": true,
            "id": "test-project-1-406807-my-bucket-pro",
            "labels": {},
            "lifecycle_rule": [],
            "location": "US-CENTRAL1",
            "logging": [],
            "name": "test-project-1-406807-my-bucket-pro",
            "project": "test-project-1-406807",
            "public_access_prevention": "inherited",
            "requester_pays": false,
            "retention_policy": [],
            "rpo": null,
            "self_link": "https://www.googleapis.com/storage/v1/b/test-project-1-406807-my-bucket-pro",
            "storage_class": "STANDARD",
            "terraform_labels": {},
            "timeouts": null,
            "uniform_bucket_level_access": true,
            "url": "gs://test-project-1-406807-my-bucket-pro",
            "versioning": [],
            "website": []
          },
          "sensitive_attributes": [],
          "private": "eyJlMmJmYjczMC1lY2FhLTExZTYtOGY4OC0zNDM2M2JjN2M0YzAiOnsiY3JlYXRlIjo2MDAwMDAwMDAwMDAsInJlYWQiOjI0MDAwMDAwMDAwMCwidXBkYXRlIjoyNDAwMDAwMDAwMDB9LCJzY2hlbWFfdmVyc2lvbiI6IjEifQ=="
        }
      ]
    },
    {
      "mode": "managed",
      "type": "google_storage_bucket_object",
      "name": "my_source_code_pro",
      "provider": "provider[\"registry.terraform.io/hashicorp/google\"]",
      "instances": [
        {
          "schema_version": 0,
          "attributes": {
            "bucket": "test-project-1-406807-my-bucket-pro",
            "cache_control": "",
            "content": null,
            "content_disposition": "",
            "content_encoding": "",
            "content_language": "",
            "content_type": "application/zip",
            "crc32c": "aVSP/w==",
            "customer_encryption": [],
            "detect_md5hash": "zR8V/lns5ktFaJYvrXRUYw==",
            "event_based_hold": false,
            "id": "test-project-1-406807-my-bucket-pro-my_source_code_pro",
            "kms_key_name": "",
            "md5hash": "zR8V/lns5ktFaJYvrXRUYw==",
            "media_link": "https://storage.googleapis.com/download/storage/v1/b/test-project-1-406807-my-bucket-pro/o/my_source_code_pro?generation=1703516289048787\u0026alt=media",
            "metadata": {},
            "name": "my_source_code_pro",
            "output_name": "my_source_code_pro",
            "retention": [],
            "self_link": "https://www.googleapis.com/storage/v1/b/test-project-1-406807-my-bucket-pro/o/my_source_code_pro",
            "source": "C:/Pro/MyITWorldPro/Workspaces/workspace1/GCP_Basics_Demos_1/GCP-CloudFunction-SB-TF/target/HelloHttpFunction.zip",
            "storage_class": "STANDARD",
            "temporary_hold": false,
            "timeouts": null
          },
          "sensitive_attributes": [],
          "private": "eyJlMmJmYjczMC1lY2FhLTExZTYtOGY4OC0zNDM2M2JjN2M0YzAiOnsiY3JlYXRlIjoyNDAwMDAwMDAwMDAsImRlbGV0ZSI6MjQwMDAwMDAwMDAwLCJ1cGRhdGUiOjI0MDAwMDAwMDAwMH19",
          "dependencies": [
            "google_storage_bucket.my_bucket_pro"
          ]
        }
      ]
    }
  ],
  "check_results": null
}
