{
  "version": 4,
  "terraform_version": "1.6.6",
  "serial": 6,
  "lineage": "6ba87a12-5f34-0118-2a5b-5220caa918cd",
  "outputs": {},
  "resources": [
    {
      "mode": "managed",
      "type": "google_sql_database",
      "name": "my-database-pro",
      "provider": "provider[\"registry.terraform.io/hashicorp/google\"]",
      "instances": [
        {
          "schema_version": 0,
          "attributes": {
            "charset": "UTF8",
            "collation": "en_US.UTF8",
            "deletion_policy": "DELETE",
            "id": "projects/test-project-1-406807/instances/my-database-pro-instance/databases/my-database-pro",
            "instance": "my-database-pro-instance",
            "name": "my-database-pro",
            "project": "test-project-1-406807",
            "self_link": "https://sqladmin.googleapis.com/sql/v1beta4/projects/test-project-1-406807/instances/my-database-pro-instance/databases/my-database-pro",
            "timeouts": null
          },
          "sensitive_attributes": [],
          "private": "eyJlMmJmYjczMC1lY2FhLTExZTYtOGY4OC0zNDM2M2JjN2M0YzAiOnsiY3JlYXRlIjoxMjAwMDAwMDAwMDAwLCJkZWxldGUiOjEyMDAwMDAwMDAwMDAsInVwZGF0ZSI6MTIwMDAwMDAwMDAwMH19",
          "dependencies": [
            "google_sql_database_instance.my-database-pro-instance"
          ]
        }
      ]
    },
    {
      "mode": "managed",
      "type": "google_sql_database_instance",
      "name": "my-database-pro-instance",
      "provider": "provider[\"registry.terraform.io/hashicorp/google\"]",
      "instances": [
        {
          "schema_version": 0,
          "attributes": {
            "available_maintenance_versions": [],
            "clone": [],
            "connection_name": "test-project-1-406807:us-central1:my-database-pro-instance",
            "database_version": "POSTGRES_15",
            "deletion_protection": false,
            "dns_name": "",
            "encryption_key_name": null,
            "first_ip_address": "34.29.139.16",
            "id": "my-database-pro-instance",
            "instance_type": "CLOUD_SQL_INSTANCE",
            "ip_address": [
              {
                "ip_address": "34.29.139.16",
                "time_to_retire": "",
                "type": "PRIMARY"
              },
              {
                "ip_address": "35.232.19.214",
                "time_to_retire": "",
                "type": "OUTGOING"
              }
            ],
            "maintenance_version": "POSTGRES_15_4.R20230830.01_07",
            "master_instance_name": "",
            "name": "my-database-pro-instance",
            "private_ip_address": "",
            "project": "test-project-1-406807",
            "psc_service_attachment_link": "",
            "public_ip_address": "34.29.139.16",
            "region": "us-central1",
            "replica_configuration": [],
            "restore_backup_context": [],
            "root_password": null,
            "self_link": "https://sqladmin.googleapis.com/sql/v1beta4/projects/test-project-1-406807/instances/my-database-pro-instance",
            "server_ca_cert": [
              {
                "cert": "-----BEGIN CERTIFICATE-----\nMIIDfzCCAmegAwIBAgIBADANBgkqhkiG9w0BAQsFADB3MS0wKwYDVQQuEyQzMzI2\nYTcxYi1lN2NhLTRlMjUtYWE2ZC1iYTY2NzQ2OWViZmUxIzAhBgNVBAMTGkdvb2ds\nZSBDbG91ZCBTUUwgU2VydmVyIENBMRQwEgYDVQQKEwtHb29nbGUsIEluYzELMAkG\nA1UEBhMCVVMwHhcNMjMxMjI2MDYzMDQ1WhcNMzMxMjIzMDYzMTQ1WjB3MS0wKwYD\nVQQuEyQzMzI2YTcxYi1lN2NhLTRlMjUtYWE2ZC1iYTY2NzQ2OWViZmUxIzAhBgNV\nBAMTGkdvb2dsZSBDbG91ZCBTUUwgU2VydmVyIENBMRQwEgYDVQQKEwtHb29nbGUs\nIEluYzELMAkGA1UEBhMCVVMwggEiMA0GCSqGSIb3DQEBAQUAA4IBDwAwggEKAoIB\nAQCzGsHz5eE4oTEjeFD4zrweYKL90UnM8f15mkFCcQnjOx7ZJZozRwv8G8U4B/kZ\nrR5mLyCDNDWm26doo5Aq6fpyJuEz6HLH6COgmkSWnsBrfoUJy+y5NuHPY3XqFjmW\n+FVZeZRS1cTQ0fWHu8Wq/4NXr7mlp8EzdxXidbV3z1iJc777b85M+ezJTLCIbtO+\ngYPqLYUaMnlNf7ly0zEbBrK5q1/SPGGhgv6oGBlrdAGI6SE/ZD6GWzXk1AoFomnY\n5+cjcLntTFMqKtQV6haeh3ZM9hpwNvo6Unj57mqFaQPVjHZzQy+Wol+axkM8M1Yh\nJpL3/IL390vRMVjxpW2xT1BdAgMBAAGjFjAUMBIGA1UdEwEB/wQIMAYBAf8CAQAw\nDQYJKoZIhvcNAQELBQADggEBACcWvtWVXw7xu8kgb8XU4wlVYkQyGtrnDNwCFNFE\nkkxbv1H4CJ4AISiA+6iyKY9pWnkKWZmtqsQ9K+rp3E0aL3MyJ1JViqkaux4nmrn3\ne4jZPxuGwm+89GktvNGln5MVwoNifopn4hslm18G9+Vv6MJ2AcNgQkA4qoskrx3o\nQV+P1QNnq4GI1pkS9K2YW7Jr/m6MHGdFegmj6cYTsJXEt5g2ByvJa6Tr41U4z0xx\n3YzS5dwlxWnZpgRN1/0Rxqgsod2VPnPW+H2GcS/4oSn9ao/3GIWHQqrkOA9t70yf\nw1VF5zb8qMgk3qkH30hYAf2LD+1l3R8P9qn1gTNW+Z2HLP8=\n-----END CERTIFICATE-----",
                "common_name": "C=US,O=Google\\, Inc,CN=Google Cloud SQL Server CA,dnQualifier=3326a71b-e7ca-4e25-aa6d-ba667469ebfe",
                "create_time": "2023-12-26T06:30:45.847Z",
                "expiration_time": "2033-12-23T06:31:45.847Z",
                "sha1_fingerprint": "d4d4c63b4e8e259fd09db2ac2e3cbc760215b2b1"
              }
            ],
            "service_account_email_address": "p960752866439-di21o0@gcp-sa-cloud-sql.iam.gserviceaccount.com",
            "settings": [
              {
                "activation_policy": "ALWAYS",
                "active_directory_config": [],
                "advanced_machine_features": [],
                "availability_type": "ZONAL",
                "backup_configuration": [
                  {
                    "backup_retention_settings": [
                      {
                        "retained_backups": 7,
                        "retention_unit": "COUNT"
                      }
                    ],
                    "binary_log_enabled": false,
                    "enabled": false,
                    "location": "",
                    "point_in_time_recovery_enabled": false,
                    "start_time": "15:00",
                    "transaction_log_retention_days": 7
                  }
                ],
                "collation": "",
                "connector_enforcement": "NOT_REQUIRED",
                "data_cache_config": [],
                "database_flags": [],
                "deletion_protection_enabled": false,
                "deny_maintenance_period": [],
                "disk_autoresize": true,
                "disk_autoresize_limit": 0,
                "disk_size": 10,
                "disk_type": "PD_SSD",
                "edition": "ENTERPRISE",
                "insights_config": [],
                "ip_configuration": [
                  {
                    "allocated_ip_range": "",
                    "authorized_networks": [],
                    "enable_private_path_for_google_cloud_services": false,
                    "ipv4_enabled": true,
                    "private_network": "",
                    "psc_config": [],
                    "require_ssl": false,
                    "ssl_mode": ""
                  }
                ],
                "location_preference": [
                  {
                    "follow_gae_application": "",
                    "secondary_zone": "",
                    "zone": "us-central1-b"
                  }
                ],
                "maintenance_window": [],
                "password_validation_policy": [],
                "pricing_plan": "PER_USE",
                "sql_server_audit_config": [],
                "tier": "db-f1-micro",
                "time_zone": "",
                "user_labels": {},
                "version": 3
              }
            ],
            "timeouts": null
          },
          "sensitive_attributes": [],
          "private": "eyJlMmJmYjczMC1lY2FhLTExZTYtOGY4OC0zNDM2M2JjN2M0YzAiOnsiY3JlYXRlIjoyNDAwMDAwMDAwMDAwLCJkZWxldGUiOjE4MDAwMDAwMDAwMDAsInVwZGF0ZSI6MTgwMDAwMDAwMDAwMH19"
        }
      ]
    }
  ],
  "check_results": null
}
