{
  "version": 4,
  "terraform_version": "1.6.6",
  "serial": 5,
  "lineage": "434ebd5d-2a7b-8497-b9c7-192d4cf85ce6",
  "outputs": {},
  "resources": [
    {
      "mode": "managed",
      "type": "google_datastore_index",
      "name": "my-firestore-db-pro-index",
      "provider": "provider[\"registry.terraform.io/hashicorp/google\"]",
      "instances": [
        {
          "schema_version": 0,
          "attributes": {
            "ancestor": "NONE",
            "id": "projects/test-project-1-406807/indexes/CICAgOjXh4EK",
            "index_id": "CICAgOjXh4EK",
            "kind": "Book",
            "project": "test-project-1-406807",
            "properties": [
              {
                "direction": "ASCENDING",
                "name": "bookSerialNumber"
              },
              {
                "direction": "ASCENDING",
                "name": "bookName"
              }
            ],
            "timeouts": null
          },
          "sensitive_attributes": [],
          "private": "eyJlMmJmYjczMC1lY2FhLTExZTYtOGY4OC0zNDM2M2JjN2M0YzAiOnsiY3JlYXRlIjoxMjAwMDAwMDAwMDAwLCJkZWxldGUiOjEyMDAwMDAwMDAwMDB9fQ=="
        }
      ]
    },
    {
      "mode": "managed",
      "type": "google_firestore_database",
      "name": "my-firestore-db-pro",
      "provider": "provider[\"registry.terraform.io/hashicorp/google\"]",
      "instances": [
        {
          "schema_version": 0,
          "attributes": {
            "app_engine_integration_mode": "DISABLED",
            "concurrency_mode": "PESSIMISTIC",
            "create_time": "",
            "delete_protection_state": "DELETE_PROTECTION_DISABLED",
            "deletion_policy": "DELETE",
            "earliest_version_time": "2023-12-26T15:17:25.080558Z",
            "etag": "IKyL56TArYMDMPHhj+q4rYMD",
            "id": "projects/test-project-1-406807/databases/(default)",
            "key_prefix": "",
            "location_id": "nam5",
            "name": "(default)",
            "point_in_time_recovery_enablement": "POINT_IN_TIME_RECOVERY_DISABLED",
            "project": "test-project-1-406807",
            "timeouts": null,
            "type": "DATASTORE_MODE",
            "uid": "48da7159-21e4-4df7-973a-a452ccaa8d25",
            "update_time": "",
            "version_retention_period": "3600s"
          },
          "sensitive_attributes": [],
          "private": "eyJlMmJmYjczMC1lY2FhLTExZTYtOGY4OC0zNDM2M2JjN2M0YzAiOnsiY3JlYXRlIjoxMjAwMDAwMDAwMDAwLCJkZWxldGUiOjEyMDAwMDAwMDAwMDAsInVwZGF0ZSI6MTIwMDAwMDAwMDAwMH19"
        }
      ]
    }
  ],
  "check_results": null
}
